// !$*UTF8*$!
{
	archiveVersion = 1;
	classes = {
	};
	objectVersion = 46;
	objects = {

/* Begin PBXBuildFile section */
		9162E0AF1DC59A6E00ABD6DA /* common.swift in Sources */ = {isa = PBXBuildFile; fileRef = 9162E0AE1DC59A6E00ABD6DA /* common.swift */; };
		9162E0B31DC5A08100ABD6DA /* PageTitleView.swift in Sources */ = {isa = PBXBuildFile; fileRef = 9162E0B21DC5A08100ABD6DA /* PageTitleView.swift */; };
		9162E0B51DC5B9A100ABD6DA /* PageContentView.swift in Sources */ = {isa = PBXBuildFile; fileRef = 9162E0B41DC5B9A100ABD6DA /* PageContentView.swift */; };
		9162E0B71DC5BB9100ABD6DA /* UIColor-Extension.swift in Sources */ = {isa = PBXBuildFile; fileRef = 9162E0B61DC5BB9100ABD6DA /* UIColor-Extension.swift */; };
		9162E0B91DC607BE00ABD6DA /* RecommendViewController.swift in Sources */ = {isa = PBXBuildFile; fileRef = 9162E0B81DC607BE00ABD6DA /* RecommendViewController.swift */; };
		9162E0BC1DC6138A00ABD6DA /* CollectionHeaderView.swift in Sources */ = {isa = PBXBuildFile; fileRef = 9162E0BA1DC6138A00ABD6DA /* CollectionHeaderView.swift */; };
		9162E0BD1DC6138A00ABD6DA /* CollectionHeaderView.xib in Resources */ = {isa = PBXBuildFile; fileRef = 9162E0BB1DC6138A00ABD6DA /* CollectionHeaderView.xib */; };
		9162E0C01DC6172300ABD6DA /* CollectionNormalCell.swift in Sources */ = {isa = PBXBuildFile; fileRef = 9162E0BE1DC6172300ABD6DA /* CollectionNormalCell.swift */; };
		9162E0C11DC6172300ABD6DA /* CollectionNormalCell.xib in Resources */ = {isa = PBXBuildFile; fileRef = 9162E0BF1DC6172300ABD6DA /* CollectionNormalCell.xib */; };
		9162E0C41DC61C4C00ABD6DA /* CollectionPrettyCell.swift in Sources */ = {isa = PBXBuildFile; fileRef = 9162E0C21DC61C4C00ABD6DA /* CollectionPrettyCell.swift */; };
		9162E0C51DC61C4C00ABD6DA /* CollectionPrettyCell.xib in Resources */ = {isa = PBXBuildFile; fileRef = 9162E0C31DC61C4C00ABD6DA /* CollectionPrettyCell.xib */; };
		9162E0E71DC6328D00ABD6DA /* NetWorkTools.swift in Sources */ = {isa = PBXBuildFile; fileRef = 9162E0E61DC6328D00ABD6DA /* NetWorkTools.swift */; };
		9162E0E91DC6372A00ABD6DA /* RecommendViewModel.swift in Sources */ = {isa = PBXBuildFile; fileRef = 9162E0E81DC6372A00ABD6DA /* RecommendViewModel.swift */; };
		9162E0EB1DC6396400ABD6DA /* NSDate-Extension.swift in Sources */ = {isa = PBXBuildFile; fileRef = 9162E0EA1DC6396400ABD6DA /* NSDate-Extension.swift */; };
		9162E0ED1DC63DC200ABD6DA /* AnchorGroup.swift in Sources */ = {isa = PBXBuildFile; fileRef = 9162E0EC1DC63DC200ABD6DA /* AnchorGroup.swift */; };
		9162E0EF1DC6411B00ABD6DA /* AnchorModel.swift in Sources */ = {isa = PBXBuildFile; fileRef = 9162E0EE1DC6411B00ABD6DA /* AnchorModel.swift */; };
		9162E0F11DC65AFE00ABD6DA /* CollectionBasicCell.swift in Sources */ = {isa = PBXBuildFile; fileRef = 9162E0F01DC65AFE00ABD6DA /* CollectionBasicCell.swift */; };
		91679E1B1DC76FE300647E9A /* AmuseViewController.swift in Sources */ = {isa = PBXBuildFile; fileRef = 91679E1A1DC76FE300647E9A /* AmuseViewController.swift */; };
		91679E1D1DC7841600647E9A /* AmuseViewModel.swift in Sources */ = {isa = PBXBuildFile; fileRef = 91679E1C1DC7841600647E9A /* AmuseViewModel.swift */; };
		917C30551DC6D2E800E0F9A2 /* RecommandCycleView.swift in Sources */ = {isa = PBXBuildFile; fileRef = 917C30541DC6D2E800E0F9A2 /* RecommandCycleView.swift */; };
		917C30571DC6D2F600E0F9A2 /* RecommandCycleView.xib in Resources */ = {isa = PBXBuildFile; fileRef = 917C30561DC6D2F600E0F9A2 /* RecommandCycleView.xib */; };
		917C30591DC6E2D400E0F9A2 /* CycleModel.swift in Sources */ = {isa = PBXBuildFile; fileRef = 917C30581DC6E2D400E0F9A2 /* CycleModel.swift */; };
		917C305C1DC6E78C00E0F9A2 /* CollectionCycleCell.swift in Sources */ = {isa = PBXBuildFile; fileRef = 917C305A1DC6E78C00E0F9A2 /* CollectionCycleCell.swift */; };
		917C305D1DC6E78C00E0F9A2 /* CollectionCycleCell.xib in Resources */ = {isa = PBXBuildFile; fileRef = 917C305B1DC6E78C00E0F9A2 /* CollectionCycleCell.xib */; };
		917C305F1DC719E100E0F9A2 /* RecommandGameView.swift in Sources */ = {isa = PBXBuildFile; fileRef = 917C305E1DC719E100E0F9A2 /* RecommandGameView.swift */; };
		917C30611DC719F100E0F9A2 /* RecommandGameView.xib in Resources */ = {isa = PBXBuildFile; fileRef = 917C30601DC719F100E0F9A2 /* RecommandGameView.xib */; };
		917C30641DC7235300E0F9A2 /* CollectionGameCell.swift in Sources */ = {isa = PBXBuildFile; fileRef = 917C30621DC7235300E0F9A2 /* CollectionGameCell.swift */; };
		917C30651DC7235300E0F9A2 /* CollectionGameCell.xib in Resources */ = {isa = PBXBuildFile; fileRef = 917C30631DC7235300E0F9A2 /* CollectionGameCell.xib */; };
		917C30671DC7327900E0F9A2 /* GameViewController.swift in Sources */ = {isa = PBXBuildFile; fileRef = 917C30661DC7327900E0F9A2 /* GameViewController.swift */; };
		917C30691DC7387F00E0F9A2 /* GameViewModel.swift in Sources */ = {isa = PBXBuildFile; fileRef = 917C30681DC7387F00E0F9A2 /* GameViewModel.swift */; };
		917C306D1DC73A7800E0F9A2 /* GameModel.swift in Sources */ = {isa = PBXBuildFile; fileRef = 917C306C1DC73A7800E0F9A2 /* GameModel.swift */; };
		917C306F1DC73BF300E0F9A2 /* BaseGameModel.swift in Sources */ = {isa = PBXBuildFile; fileRef = 917C306E1DC73BF300E0F9A2 /* BaseGameModel.swift */; };
		91A8E7BB1DC4A00B000D6AFF /* AppDelegate.swift in Sources */ = {isa = PBXBuildFile; fileRef = 91A8E7BA1DC4A00B000D6AFF /* AppDelegate.swift */; };
		91A8E7C01DC4A00C000D6AFF /* Main.storyboard in Resources */ = {isa = PBXBuildFile; fileRef = 91A8E7BE1DC4A00B000D6AFF /* Main.storyboard */; };
		91A8E7C21DC4A00C000D6AFF /* Assets.xcassets in Resources */ = {isa = PBXBuildFile; fileRef = 91A8E7C11DC4A00C000D6AFF /* Assets.xcassets */; };
		91A8E7C51DC4A00C000D6AFF /* LaunchScreen.storyboard in Resources */ = {isa = PBXBuildFile; fileRef = 91A8E7C31DC4A00C000D6AFF /* LaunchScreen.storyboard */; };
		91AD9A8B1DC4CA6500D79218 /* Home.storyboard in Resources */ = {isa = PBXBuildFile; fileRef = 91AD9A891DC4CA6500D79218 /* Home.storyboard */; };
		91AD9A8E1DC4CA8500D79218 /* Live.storyboard in Resources */ = {isa = PBXBuildFile; fileRef = 91AD9A8C1DC4CA8500D79218 /* Live.storyboard */; };
		91AD9A911DC4CA9A00D79218 /* Follow.storyboard in Resources */ = {isa = PBXBuildFile; fileRef = 91AD9A8F1DC4CA9A00D79218 /* Follow.storyboard */; };
		91AD9A941DC4CAAD00D79218 /* Profile.storyboard in Resources */ = {isa = PBXBuildFile; fileRef = 91AD9A921DC4CAAD00D79218 /* Profile.storyboard */; };
		91AD9A981DC4CC7300D79218 /* MainViewController.swift in Sources */ = {isa = PBXBuildFile; fileRef = 91AD9A971DC4CC7300D79218 /* MainViewController.swift */; };
		91AD9A9A1DC4D52500D79218 /* HomeViewController.swift in Sources */ = {isa = PBXBuildFile; fileRef = 91AD9A991DC4D52500D79218 /* HomeViewController.swift */; };
		91AD9A9F1DC4DC5D00D79218 /* UIBarButtonItem-Extension.swift in Sources */ = {isa = PBXBuildFile; fileRef = 91AD9A9E1DC4DC5D00D79218 /* UIBarButtonItem-Extension.swift */; };
		CD65DC4AE1647E712D1F3AAA /* Pods_DouYuZB.framework in Frameworks */ = {isa = PBXBuildFile; fileRef = 68DC4F9D65EAB3541B72A68C /* Pods_DouYuZB.framework */; };
/* End PBXBuildFile section */

/* Begin PBXFileReference section */
		1FAF96BC839137A6D6FFFCB2 /* Pods-DouYuZB.release.xcconfig */ = {isa = PBXFileReference; includeInIndex = 1; lastKnownFileType = text.xcconfig; name = "Pods-DouYuZB.release.xcconfig"; path = "Pods/Target Support Files/Pods-DouYuZB/Pods-DouYuZB.release.xcconfig"; sourceTree = "<group>"; };
		68DC4F9D65EAB3541B72A68C /* Pods_DouYuZB.framework */ = {isa = PBXFileReference; explicitFileType = wrapper.framework; includeInIndex = 0; path = Pods_DouYuZB.framework; sourceTree = BUILT_PRODUCTS_DIR; };
		9162E0AE1DC59A6E00ABD6DA /* common.swift */ = {isa = PBXFileReference; fileEncoding = 4; lastKnownFileType = sourcecode.swift; path = common.swift; sourceTree = "<group>"; };
		9162E0B21DC5A08100ABD6DA /* PageTitleView.swift */ = {isa = PBXFileReference; fileEncoding = 4; lastKnownFileType = sourcecode.swift; path = PageTitleView.swift; sourceTree = "<group>"; };
		9162E0B41DC5B9A100ABD6DA /* PageContentView.swift */ = {isa = PBXFileReference; fileEncoding = 4; lastKnownFileType = sourcecode.swift; path = PageContentView.swift; sourceTree = "<group>"; };
		9162E0B61DC5BB9100ABD6DA /* UIColor-Extension.swift */ = {isa = PBXFileReference; fileEncoding = 4; lastKnownFileType = sourcecode.swift; path = "UIColor-Extension.swift"; sourceTree = "<group>"; };
		9162E0B81DC607BE00ABD6DA /* RecommendViewController.swift */ = {isa = PBXFileReference; fileEncoding = 4; lastKnownFileType = sourcecode.swift; path = RecommendViewController.swift; sourceTree = "<group>"; };
		9162E0BA1DC6138A00ABD6DA /* CollectionHeaderView.swift */ = {isa = PBXFileReference; fileEncoding = 4; lastKnownFileType = sourcecode.swift; path = CollectionHeaderView.swift; sourceTree = "<group>"; };
		9162E0BB1DC6138A00ABD6DA /* CollectionHeaderView.xib */ = {isa = PBXFileReference; fileEncoding = 4; lastKnownFileType = file.xib; path = CollectionHeaderView.xib; sourceTree = "<group>"; };
		9162E0BE1DC6172300ABD6DA /* CollectionNormalCell.swift */ = {isa = PBXFileReference; fileEncoding = 4; lastKnownFileType = sourcecode.swift; path = CollectionNormalCell.swift; sourceTree = "<group>"; };
		9162E0BF1DC6172300ABD6DA /* CollectionNormalCell.xib */ = {isa = PBXFileReference; fileEncoding = 4; lastKnownFileType = file.xib; path = CollectionNormalCell.xib; sourceTree = "<group>"; };
		9162E0C21DC61C4C00ABD6DA /* CollectionPrettyCell.swift */ = {isa = PBXFileReference; fileEncoding = 4; lastKnownFileType = sourcecode.swift; path = CollectionPrettyCell.swift; sourceTree = "<group>"; };
		9162E0C31DC61C4C00ABD6DA /* CollectionPrettyCell.xib */ = {isa = PBXFileReference; fileEncoding = 4; lastKnownFileType = file.xib; path = CollectionPrettyCell.xib; sourceTree = "<group>"; };
		9162E0E61DC6328D00ABD6DA /* NetWorkTools.swift */ = {isa = PBXFileReference; fileEncoding = 4; lastKnownFileType = sourcecode.swift; path = NetWorkTools.swift; sourceTree = "<group>"; };
		9162E0E81DC6372A00ABD6DA /* RecommendViewModel.swift */ = {isa = PBXFileReference; fileEncoding = 4; lastKnownFileType = sourcecode.swift; path = RecommendViewModel.swift; sourceTree = "<group>"; };
		9162E0EA1DC6396400ABD6DA /* NSDate-Extension.swift */ = {isa = PBXFileReference; fileEncoding = 4; lastKnownFileType = sourcecode.swift; path = "NSDate-Extension.swift"; sourceTree = "<group>"; };
		9162E0EC1DC63DC200ABD6DA /* AnchorGroup.swift */ = {isa = PBXFileReference; fileEncoding = 4; lastKnownFileType = sourcecode.swift; path = AnchorGroup.swift; sourceTree = "<group>"; };
		9162E0EE1DC6411B00ABD6DA /* AnchorModel.swift */ = {isa = PBXFileReference; fileEncoding = 4; lastKnownFileType = sourcecode.swift; path = AnchorModel.swift; sourceTree = "<group>"; };
		9162E0F01DC65AFE00ABD6DA /* CollectionBasicCell.swift */ = {isa = PBXFileReference; fileEncoding = 4; lastKnownFileType = sourcecode.swift; path = CollectionBasicCell.swift; sourceTree = "<group>"; };
		91679E1A1DC76FE300647E9A /* AmuseViewController.swift */ = {isa = PBXFileReference; fileEncoding = 4; lastKnownFileType = sourcecode.swift; path = AmuseViewController.swift; sourceTree = "<group>"; };
		91679E1C1DC7841600647E9A /* AmuseViewModel.swift */ = {isa = PBXFileReference; fileEncoding = 4; lastKnownFileType = sourcecode.swift; path = AmuseViewModel.swift; sourceTree = "<group>"; };
		917C30541DC6D2E800E0F9A2 /* RecommandCycleView.swift */ = {isa = PBXFileReference; fileEncoding = 4; lastKnownFileType = sourcecode.swift; path = RecommandCycleView.swift; sourceTree = "<group>"; };
		917C30561DC6D2F600E0F9A2 /* RecommandCycleView.xib */ = {isa = PBXFileReference; fileEncoding = 4; lastKnownFileType = file.xib; path = RecommandCycleView.xib; sourceTree = "<group>"; };
		917C30581DC6E2D400E0F9A2 /* CycleModel.swift */ = {isa = PBXFileReference; fileEncoding = 4; lastKnownFileType = sourcecode.swift; path = CycleModel.swift; sourceTree = "<group>"; };
		917C305A1DC6E78C00E0F9A2 /* CollectionCycleCell.swift */ = {isa = PBXFileReference; fileEncoding = 4; lastKnownFileType = sourcecode.swift; path = CollectionCycleCell.swift; sourceTree = "<group>"; };
		917C305B1DC6E78C00E0F9A2 /* CollectionCycleCell.xib */ = {isa = PBXFileReference; fileEncoding = 4; lastKnownFileType = file.xib; path = CollectionCycleCell.xib; sourceTree = "<group>"; };
		917C305E1DC719E100E0F9A2 /* RecommandGameView.swift */ = {isa = PBXFileReference; fileEncoding = 4; lastKnownFileType = sourcecode.swift; path = RecommandGameView.swift; sourceTree = "<group>"; };
		917C30601DC719F100E0F9A2 /* RecommandGameView.xib */ = {isa = PBXFileReference; fileEncoding = 4; lastKnownFileType = file.xib; path = RecommandGameView.xib; sourceTree = "<group>"; };
		917C30621DC7235300E0F9A2 /* CollectionGameCell.swift */ = {isa = PBXFileReference; fileEncoding = 4; lastKnownFileType = sourcecode.swift; path = CollectionGameCell.swift; sourceTree = "<group>"; };
		917C30631DC7235300E0F9A2 /* CollectionGameCell.xib */ = {isa = PBXFileReference; fileEncoding = 4; lastKnownFileType = file.xib; path = CollectionGameCell.xib; sourceTree = "<group>"; };
		917C30661DC7327900E0F9A2 /* GameViewController.swift */ = {isa = PBXFileReference; fileEncoding = 4; lastKnownFileType = sourcecode.swift; path = GameViewController.swift; sourceTree = "<group>"; };
		917C30681DC7387F00E0F9A2 /* GameViewModel.swift */ = {isa = PBXFileReference; fileEncoding = 4; lastKnownFileType = sourcecode.swift; path = GameViewModel.swift; sourceTree = "<group>"; };
		917C306C1DC73A7800E0F9A2 /* GameModel.swift */ = {isa = PBXFileReference; fileEncoding = 4; lastKnownFileType = sourcecode.swift; path = GameModel.swift; sourceTree = "<group>"; };
		917C306E1DC73BF300E0F9A2 /* BaseGameModel.swift */ = {isa = PBXFileReference; fileEncoding = 4; lastKnownFileType = sourcecode.swift; path = BaseGameModel.swift; sourceTree = "<group>"; };
		91A8E7B71DC4A00B000D6AFF /* DouYuZB.app */ = {isa = PBXFileReference; explicitFileType = wrapper.application; includeInIndex = 0; path = DouYuZB.app; sourceTree = BUILT_PRODUCTS_DIR; };
		91A8E7BA1DC4A00B000D6AFF /* AppDelegate.swift */ = {isa = PBXFileReference; lastKnownFileType = sourcecode.swift; path = AppDelegate.swift; sourceTree = "<group>"; };
		91A8E7BF1DC4A00B000D6AFF /* Base */ = {isa = PBXFileReference; lastKnownFileType = file.storyboard; name = Base; path = Base.lproj/Main.storyboard; sourceTree = "<group>"; };
		91A8E7C11DC4A00C000D6AFF /* Assets.xcassets */ = {isa = PBXFileReference; lastKnownFileType = folder.assetcatalog; path = Assets.xcassets; sourceTree = "<group>"; };
		91A8E7C41DC4A00C000D6AFF /* Base */ = {isa = PBXFileReference; lastKnownFileType = file.storyboard; name = Base; path = Base.lproj/LaunchScreen.storyboard; sourceTree = "<group>"; };
		91A8E7C61DC4A00C000D6AFF /* Info.plist */ = {isa = PBXFileReference; lastKnownFileType = text.plist.xml; path = Info.plist; sourceTree = "<group>"; };
		91AD9A8A1DC4CA6500D79218 /* Base */ = {isa = PBXFileReference; lastKnownFileType = file.storyboard; name = Base; path = DouYuZB/Base.lproj/Home.storyboard; sourceTree = SOURCE_ROOT; };
		91AD9A8D1DC4CA8500D79218 /* Base */ = {isa = PBXFileReference; lastKnownFileType = file.storyboard; name = Base; path = DouYuZB/Base.lproj/Live.storyboard; sourceTree = SOURCE_ROOT; };
		91AD9A901DC4CA9A00D79218 /* Base */ = {isa = PBXFileReference; lastKnownFileType = file.storyboard; name = Base; path = DouYuZB/Base.lproj/Follow.storyboard; sourceTree = SOURCE_ROOT; };
		91AD9A931DC4CAAD00D79218 /* Base */ = {isa = PBXFileReference; lastKnownFileType = file.storyboard; name = Base; path = DouYuZB/Base.lproj/Profile.storyboard; sourceTree = SOURCE_ROOT; };
		91AD9A971DC4CC7300D79218 /* MainViewController.swift */ = {isa = PBXFileReference; fileEncoding = 4; lastKnownFileType = sourcecode.swift; path = MainViewController.swift; sourceTree = "<group>"; };
		91AD9A991DC4D52500D79218 /* HomeViewController.swift */ = {isa = PBXFileReference; fileEncoding = 4; lastKnownFileType = sourcecode.swift; path = HomeViewController.swift; sourceTree = "<group>"; };
		91AD9A9E1DC4DC5D00D79218 /* UIBarButtonItem-Extension.swift */ = {isa = PBXFileReference; fileEncoding = 4; lastKnownFileType = sourcecode.swift; path = "UIBarButtonItem-Extension.swift"; sourceTree = "<group>"; };
		9F32C72D6D3BE65E5515DEB4 /* Pods-DouYuZB.debug.xcconfig */ = {isa = PBXFileReference; includeInIndex = 1; lastKnownFileType = text.xcconfig; name = "Pods-DouYuZB.debug.xcconfig"; path = "Pods/Target Support Files/Pods-DouYuZB/Pods-DouYuZB.debug.xcconfig"; sourceTree = "<group>"; };
/* End PBXFileReference section */

/* Begin PBXFrameworksBuildPhase section */
		91A8E7B41DC4A007000D6AFF /* Frameworks */ = {
			isa = PBXFrameworksBuildPhase;
			buildActionMask = 2147483647;
			files = (
				CD65DC4AE1647E712D1F3AAA /* Pods_DouYuZB.framework in Frameworks */,
			);
			runOnlyForDeploymentPostprocessing = 0;
		};
/* End PBXFrameworksBuildPhase section */

/* Begin PBXGroup section */
		503B7B75D7404695755EECC4 /* Pods */ = {
			isa = PBXGroup;
			children = (
				9F32C72D6D3BE65E5515DEB4 /* Pods-DouYuZB.debug.xcconfig */,
				1FAF96BC839137A6D6FFFCB2 /* Pods-DouYuZB.release.xcconfig */,
			);
			name = Pods;
			sourceTree = "<group>";
		};
		91A8E7AE1DC4A006000D6AFF = {
			isa = PBXGroup;
			children = (
				91A8E7B91DC4A00B000D6AFF /* DouYuZB */,
				91A8E7B81DC4A00B000D6AFF /* Products */,
				503B7B75D7404695755EECC4 /* Pods */,
				C165B7CC70EAC071FA32B74C /* Frameworks */,
			);
			sourceTree = "<group>";
		};
		91A8E7B81DC4A00B000D6AFF /* Products */ = {
			isa = PBXGroup;
			children = (
				91A8E7B71DC4A00B000D6AFF /* DouYuZB.app */,
			);
			name = Products;
			sourceTree = "<group>";
		};
		91A8E7B91DC4A00B000D6AFF /* DouYuZB */ = {
			isa = PBXGroup;
			children = (
				91AD9A6E1DC4C33B00D79218 /* Classes */,
				91A8E7BA1DC4A00B000D6AFF /* AppDelegate.swift */,
				91A8E7C11DC4A00C000D6AFF /* Assets.xcassets */,
				91A8E7C31DC4A00C000D6AFF /* LaunchScreen.storyboard */,
				91A8E7C61DC4A00C000D6AFF /* Info.plist */,
			);
			path = DouYuZB;
			sourceTree = "<group>";
		};
		91AD9A6E1DC4C33B00D79218 /* Classes */ = {
			isa = PBXGroup;
			children = (
				91AD9A7E1DC4C33B00D79218 /* Main */,
				91AD9A741DC4C33B00D79218 /* Home */,
				91AD9A791DC4C33B00D79218 /* Live */,
				91AD9A6F1DC4C33B00D79218 /* Follow */,
				91AD9A831DC4C33B00D79218 /* Profile */,
				91AD9A881DC4C33B00D79218 /* Tools */,
			);
			path = Classes;
			sourceTree = "<group>";
		};
		91AD9A6F1DC4C33B00D79218 /* Follow */ = {
			isa = PBXGroup;
			children = (
				91AD9A701DC4C33B00D79218 /* Controller */,
				91AD9A711DC4C33B00D79218 /* Model */,
				91AD9A721DC4C33B00D79218 /* View */,
				91AD9A731DC4C33B00D79218 /* ViewModel */,
			);
			path = Follow;
			sourceTree = "<group>";
		};
		91AD9A701DC4C33B00D79218 /* Controller */ = {
			isa = PBXGroup;
			children = (
				91AD9A8F1DC4CA9A00D79218 /* Follow.storyboard */,
			);
			path = Controller;
			sourceTree = "<group>";
		};
		91AD9A711DC4C33B00D79218 /* Model */ = {
			isa = PBXGroup;
			children = (
			);
			path = Model;
			sourceTree = "<group>";
		};
		91AD9A721DC4C33B00D79218 /* View */ = {
			isa = PBXGroup;
			children = (
			);
			path = View;
			sourceTree = "<group>";
		};
		91AD9A731DC4C33B00D79218 /* ViewModel */ = {
			isa = PBXGroup;
			children = (
			);
			path = ViewModel;
			sourceTree = "<group>";
		};
		91AD9A741DC4C33B00D79218 /* Home */ = {
			isa = PBXGroup;
			children = (
				91AD9A781DC4C33B00D79218 /* ViewModel */,
				91AD9A761DC4C33B00D79218 /* Model */,
				91AD9A771DC4C33B00D79218 /* View */,
				91AD9A751DC4C33B00D79218 /* Controller */,
			);
			path = Home;
			sourceTree = "<group>";
		};
		91AD9A751DC4C33B00D79218 /* Controller */ = {
			isa = PBXGroup;
			children = (
				91AD9A891DC4CA6500D79218 /* Home.storyboard */,
				91AD9A991DC4D52500D79218 /* HomeViewController.swift */,
				9162E0B81DC607BE00ABD6DA /* RecommendViewController.swift */,
				917C30661DC7327900E0F9A2 /* GameViewController.swift */,
				91679E1A1DC76FE300647E9A /* AmuseViewController.swift */,
			);
			path = Controller;
			sourceTree = "<group>";
		};
		91AD9A761DC4C33B00D79218 /* Model */ = {
			isa = PBXGroup;
			children = (
				917C30581DC6E2D400E0F9A2 /* CycleModel.swift */,
				917C306C1DC73A7800E0F9A2 /* GameModel.swift */,
			);
			path = Model;
			sourceTree = "<group>";
		};
		91AD9A771DC4C33B00D79218 /* View */ = {
			isa = PBXGroup;
			children = (
				9162E0BA1DC6138A00ABD6DA /* CollectionHeaderView.swift */,
				9162E0BB1DC6138A00ABD6DA /* CollectionHeaderView.xib */,
				917C30541DC6D2E800E0F9A2 /* RecommandCycleView.swift */,
				917C30561DC6D2F600E0F9A2 /* RecommandCycleView.xib */,
				917C305A1DC6E78C00E0F9A2 /* CollectionCycleCell.swift */,
				917C305B1DC6E78C00E0F9A2 /* CollectionCycleCell.xib */,
				917C305E1DC719E100E0F9A2 /* RecommandGameView.swift */,
				917C30601DC719F100E0F9A2 /* RecommandGameView.xib */,
				917C30621DC7235300E0F9A2 /* CollectionGameCell.swift */,
				917C30631DC7235300E0F9A2 /* CollectionGameCell.xib */,
			);
			path = View;
			sourceTree = "<group>";
		};
		91AD9A781DC4C33B00D79218 /* ViewModel */ = {
			isa = PBXGroup;
			children = (
				9162E0E81DC6372A00ABD6DA /* RecommendViewModel.swift */,
				917C30681DC7387F00E0F9A2 /* GameViewModel.swift */,
				91679E1C1DC7841600647E9A /* AmuseViewModel.swift */,
			);
			path = ViewModel;
			sourceTree = "<group>";
		};
		91AD9A791DC4C33B00D79218 /* Live */ = {
			isa = PBXGroup;
			children = (
				91AD9A7A1DC4C33B00D79218 /* Controller */,
				91AD9A7B1DC4C33B00D79218 /* Model */,
				91AD9A7C1DC4C33B00D79218 /* View */,
				91AD9A7D1DC4C33B00D79218 /* ViewModel */,
			);
			path = Live;
			sourceTree = "<group>";
		};
		91AD9A7A1DC4C33B00D79218 /* Controller */ = {
			isa = PBXGroup;
			children = (
				91AD9A8C1DC4CA8500D79218 /* Live.storyboard */,
			);
			path = Controller;
			sourceTree = "<group>";
		};
		91AD9A7B1DC4C33B00D79218 /* Model */ = {
			isa = PBXGroup;
			children = (
			);
			path = Model;
			sourceTree = "<group>";
		};
		91AD9A7C1DC4C33B00D79218 /* View */ = {
			isa = PBXGroup;
			children = (
			);
			path = View;
			sourceTree = "<group>";
		};
		91AD9A7D1DC4C33B00D79218 /* ViewModel */ = {
			isa = PBXGroup;
			children = (
			);
			path = ViewModel;
			sourceTree = "<group>";
		};
		91AD9A7E1DC4C33B00D79218 /* Main */ = {
			isa = PBXGroup;
			children = (
				91AD9A821DC4C33B00D79218 /* ViewModel */,
				91AD9A801DC4C33B00D79218 /* Model */,
				91AD9A811DC4C33B00D79218 /* View */,
				91AD9A7F1DC4C33B00D79218 /* Controller */,
			);
			path = Main;
			sourceTree = "<group>";
		};
		91AD9A7F1DC4C33B00D79218 /* Controller */ = {
			isa = PBXGroup;
			children = (
				91A8E7BE1DC4A00B000D6AFF /* Main.storyboard */,
				91AD9A971DC4CC7300D79218 /* MainViewController.swift */,
			);
			path = Controller;
			sourceTree = "<group>";
		};
		91AD9A801DC4C33B00D79218 /* Model */ = {
			isa = PBXGroup;
			children = (
				9162E0EC1DC63DC200ABD6DA /* AnchorGroup.swift */,
				9162E0EE1DC6411B00ABD6DA /* AnchorModel.swift */,
				917C306E1DC73BF300E0F9A2 /* BaseGameModel.swift */,
			);
			path = Model;
			sourceTree = "<group>";
		};
		91AD9A811DC4C33B00D79218 /* View */ = {
			isa = PBXGroup;
			children = (
				9162E0B21DC5A08100ABD6DA /* PageTitleView.swift */,
				9162E0B41DC5B9A100ABD6DA /* PageContentView.swift */,
				9162E0BE1DC6172300ABD6DA /* CollectionNormalCell.swift */,
				9162E0BF1DC6172300ABD6DA /* CollectionNormalCell.xib */,
				9162E0C21DC61C4C00ABD6DA /* CollectionPrettyCell.swift */,
				9162E0C31DC61C4C00ABD6DA /* CollectionPrettyCell.xib */,
				9162E0F01DC65AFE00ABD6DA /* CollectionBasicCell.swift */,
			);
			path = View;
			sourceTree = "<group>";
		};
		91AD9A821DC4C33B00D79218 /* ViewModel */ = {
			isa = PBXGroup;
			children = (
			);
			path = ViewModel;
			sourceTree = "<group>";
		};
		91AD9A831DC4C33B00D79218 /* Profile */ = {
			isa = PBXGroup;
			children = (
				91AD9A841DC4C33B00D79218 /* Controller */,
				91AD9A851DC4C33B00D79218 /* Model */,
				91AD9A861DC4C33B00D79218 /* View */,
				91AD9A871DC4C33B00D79218 /* ViewModel */,
			);
			path = Profile;
			sourceTree = "<group>";
		};
		91AD9A841DC4C33B00D79218 /* Controller */ = {
			isa = PBXGroup;
			children = (
				91AD9A921DC4CAAD00D79218 /* Profile.storyboard */,
			);
			path = Controller;
			sourceTree = "<group>";
		};
		91AD9A851DC4C33B00D79218 /* Model */ = {
			isa = PBXGroup;
			children = (
			);
			path = Model;
			sourceTree = "<group>";
		};
		91AD9A861DC4C33B00D79218 /* View */ = {
			isa = PBXGroup;
			children = (
			);
			path = View;
			sourceTree = "<group>";
		};
		91AD9A871DC4C33B00D79218 /* ViewModel */ = {
			isa = PBXGroup;
			children = (
			);
			path = ViewModel;
			sourceTree = "<group>";
		};
		91AD9A881DC4C33B00D79218 /* Tools */ = {
			isa = PBXGroup;
			children = (
				91AD9A9B1DC4DBB700D79218 /* Extension */,
				9162E0E61DC6328D00ABD6DA /* NetWorkTools.swift */,
				9162E0AE1DC59A6E00ABD6DA /* common.swift */,
			);
			path = Tools;
			sourceTree = "<group>";
		};
		91AD9A9B1DC4DBB700D79218 /* Extension */ = {
			isa = PBXGroup;
			children = (
				91AD9A9E1DC4DC5D00D79218 /* UIBarButtonItem-Extension.swift */,
				9162E0B61DC5BB9100ABD6DA /* UIColor-Extension.swift */,
				9162E0EA1DC6396400ABD6DA /* NSDate-Extension.swift */,
			);
			path = Extension;
			sourceTree = "<group>";
		};
		C165B7CC70EAC071FA32B74C /* Frameworks */ = {
			isa = PBXGroup;
			children = (
				68DC4F9D65EAB3541B72A68C /* Pods_DouYuZB.framework */,
			);
			name = Frameworks;
			sourceTree = "<group>";
		};
/* End PBXGroup section */

/* Begin PBXNativeTarget section */
		91A8E7B61DC4A007000D6AFF /* DouYuZB */ = {
			isa = PBXNativeTarget;
			buildConfigurationList = 91A8E7C91DC4A00C000D6AFF /* Build configuration list for PBXNativeTarget "DouYuZB" */;
			buildPhases = (
				62F272FC0EDE10391DCC3128 /* [CP] Check Pods Manifest.lock */,
				91A8E7B31DC4A007000D6AFF /* Sources */,
				91A8E7B41DC4A007000D6AFF /* Frameworks */,
				91A8E7B51DC4A007000D6AFF /* Resources */,
				2EB38168C1EF4E9FA997CF0A /* [CP] Embed Pods Frameworks */,
				AD8F598C564495CD1502CCD7 /* [CP] Copy Pods Resources */,
			);
			buildRules = (
			);
			dependencies = (
			);
			name = DouYuZB;
			productName = DouYuZB;
			productReference = 91A8E7B71DC4A00B000D6AFF /* DouYuZB.app */;
			productType = "com.apple.product-type.application";
		};
/* End PBXNativeTarget section */

/* Begin PBXProject section */
		91A8E7AF1DC4A007000D6AFF /* Project object */ = {
			isa = PBXProject;
			attributes = {
				LastSwiftUpdateCheck = 0800;
				LastUpgradeCheck = 0800;
				ORGANIZATIONNAME = itcast;
				TargetAttributes = {
					91A8E7B61DC4A007000D6AFF = {
						CreatedOnToolsVersion = 8.0;
						DevelopmentTeam = EJ8NXVWYPA;
						ProvisioningStyle = Automatic;
					};
				};
			};
			buildConfigurationList = 91A8E7B21DC4A007000D6AFF /* Build configuration list for PBXProject "DouYuZB" */;
			compatibilityVersion = "Xcode 3.2";
			developmentRegion = English;
			hasScannedForEncodings = 0;
			knownRegions = (
				en,
				Base,
			);
			mainGroup = 91A8E7AE1DC4A006000D6AFF;
			productRefGroup = 91A8E7B81DC4A00B000D6AFF /* Products */;
			projectDirPath = "";
			projectRoot = "";
			targets = (
				91A8E7B61DC4A007000D6AFF /* DouYuZB */,
			);
		};
/* End PBXProject section */

/* Begin PBXResourcesBuildPhase section */
		91A8E7B51DC4A007000D6AFF /* Resources */ = {
			isa = PBXResourcesBuildPhase;
			buildActionMask = 2147483647;
			files = (
				91A8E7C51DC4A00C000D6AFF /* LaunchScreen.storyboard in Resources */,
				9162E0BD1DC6138A00ABD6DA /* CollectionHeaderView.xib in Resources */,
				9162E0C11DC6172300ABD6DA /* CollectionNormalCell.xib in Resources */,
				91A8E7C21DC4A00C000D6AFF /* Assets.xcassets in Resources */,
				91A8E7C01DC4A00C000D6AFF /* Main.storyboard in Resources */,
				91AD9A8E1DC4CA8500D79218 /* Live.storyboard in Resources */,
				917C30571DC6D2F600E0F9A2 /* RecommandCycleView.xib in Resources */,
				917C30651DC7235300E0F9A2 /* CollectionGameCell.xib in Resources */,
				91AD9A8B1DC4CA6500D79218 /* Home.storyboard in Resources */,
				917C305D1DC6E78C00E0F9A2 /* CollectionCycleCell.xib in Resources */,
				9162E0C51DC61C4C00ABD6DA /* CollectionPrettyCell.xib in Resources */,
				91AD9A941DC4CAAD00D79218 /* Profile.storyboard in Resources */,
				91AD9A911DC4CA9A00D79218 /* Follow.storyboard in Resources */,
				917C30611DC719F100E0F9A2 /* RecommandGameView.xib in Resources */,
			);
			runOnlyForDeploymentPostprocessing = 0;
		};
/* End PBXResourcesBuildPhase section */

/* Begin PBXShellScriptBuildPhase section */
		2EB38168C1EF4E9FA997CF0A /* [CP] Embed Pods Frameworks */ = {
			isa = PBXShellScriptBuildPhase;
			buildActionMask = 2147483647;
			files = (
			);
			inputPaths = (
			);
			name = "[CP] Embed Pods Frameworks";
			outputPaths = (
			);
			runOnlyForDeploymentPostprocessing = 0;
			shellPath = /bin/sh;
			shellScript = "\"${SRCROOT}/Pods/Target Support Files/Pods-DouYuZB/Pods-DouYuZB-frameworks.sh\"\n";
			showEnvVarsInLog = 0;
		};
		62F272FC0EDE10391DCC3128 /* [CP] Check Pods Manifest.lock */ = {
			isa = PBXShellScriptBuildPhase;
			buildActionMask = 2147483647;
			files = (
			);
			inputPaths = (
			);
			name = "[CP] Check Pods Manifest.lock";
			outputPaths = (
			);
			runOnlyForDeploymentPostprocessing = 0;
			shellPath = /bin/sh;
			shellScript = "diff \"${PODS_ROOT}/../Podfile.lock\" \"${PODS_ROOT}/Manifest.lock\" > /dev/null\nif [ $? != 0 ] ; then\n    # print error to STDERR\n    echo \"error: The sandbox is not in sync with the Podfile.lock. Run 'pod install' or update your CocoaPods installation.\" >&2\n    exit 1\nfi\n";
			showEnvVarsInLog = 0;
		};
		AD8F598C564495CD1502CCD7 /* [CP] Copy Pods Resources */ = {
			isa = PBXShellScriptBuildPhase;
			buildActionMask = 2147483647;
			files = (
			);
			inputPaths = (
			);
			name = "[CP] Copy Pods Resources";
			outputPaths = (
			);
			runOnlyForDeploymentPostprocessing = 0;
			shellPath = /bin/sh;
			shellScript = "\"${SRCROOT}/Pods/Target Support Files/Pods-DouYuZB/Pods-DouYuZB-resources.sh\"\n";
			showEnvVarsInLog = 0;
		};
/* End PBXShellScriptBuildPhase section */

/* Begin PBXSourcesBuildPhase section */
		91A8E7B31DC4A007000D6AFF /* Sources */ = {
			isa = PBXSourcesBuildPhase;
			buildActionMask = 2147483647;
			files = (
				9162E0B31DC5A08100ABD6DA /* PageTitleView.swift in Sources */,
				9162E0BC1DC6138A00ABD6DA /* CollectionHeaderView.swift in Sources */,
				91679E1D1DC7841600647E9A /* AmuseViewModel.swift in Sources */,
				917C30551DC6D2E800E0F9A2 /* RecommandCycleView.swift in Sources */,
				917C30691DC7387F00E0F9A2 /* GameViewModel.swift in Sources */,
				9162E0B71DC5BB9100ABD6DA /* UIColor-Extension.swift in Sources */,
				917C30671DC7327900E0F9A2 /* GameViewController.swift in Sources */,
				9162E0B91DC607BE00ABD6DA /* RecommendViewController.swift in Sources */,
				9162E0ED1DC63DC200ABD6DA /* AnchorGroup.swift in Sources */,
				91A8E7BB1DC4A00B000D6AFF /* AppDelegate.swift in Sources */,
				9162E0F11DC65AFE00ABD6DA /* CollectionBasicCell.swift in Sources */,
				917C305C1DC6E78C00E0F9A2 /* CollectionCycleCell.swift in Sources */,
				917C306D1DC73A7800E0F9A2 /* GameModel.swift in Sources */,
				917C306F1DC73BF300E0F9A2 /* BaseGameModel.swift in Sources */,
				917C30591DC6E2D400E0F9A2 /* CycleModel.swift in Sources */,
				91679E1B1DC76FE300647E9A /* AmuseViewController.swift in Sources */,
				9162E0E71DC6328D00ABD6DA /* NetWorkTools.swift in Sources */,
				91AD9A981DC4CC7300D79218 /* MainViewController.swift in Sources */,
				9162E0B51DC5B9A100ABD6DA /* PageContentView.swift in Sources */,
				91AD9A9F1DC4DC5D00D79218 /* UIBarButtonItem-Extension.swift in Sources */,
				91AD9A9A1DC4D52500D79218 /* HomeViewController.swift in Sources */,
				917C305F1DC719E100E0F9A2 /* RecommandGameView.swift in Sources */,
				9162E0EB1DC6396400ABD6DA /* NSDate-Extension.swift in Sources */,
				9162E0C41DC61C4C00ABD6DA /* CollectionPrettyCell.swift in Sources */,
				917C30641DC7235300E0F9A2 /* CollectionGameCell.swift in Sources */,
				9162E0C01DC6172300ABD6DA /* CollectionNormalCell.swift in Sources */,
				9162E0AF1DC59A6E00ABD6DA /* common.swift in Sources */,
				9162E0E91DC6372A00ABD6DA /* RecommendViewModel.swift in Sources */,
				9162E0EF1DC6411B00ABD6DA /* AnchorModel.swift in Sources */,
			);
			runOnlyForDeploymentPostprocessing = 0;
		};
/* End PBXSourcesBuildPhase section */

/* Begin PBXVariantGroup section */
		91A8E7BE1DC4A00B000D6AFF /* Main.storyboard */ = {
			isa = PBXVariantGroup;
			children = (
				91A8E7BF1DC4A00B000D6AFF /* Base */,
			);
			name = Main.storyboard;
			path = ../../..;
			sourceTree = "<group>";
		};
		91A8E7C31DC4A00C000D6AFF /* LaunchScreen.storyboard */ = {
			isa = PBXVariantGroup;
			children = (
				91A8E7C41DC4A00C000D6AFF /* Base */,
			);
			name = LaunchScreen.storyboard;
			sourceTree = "<group>";
		};
		91AD9A891DC4CA6500D79218 /* Home.storyboard */ = {
			isa = PBXVariantGroup;
			children = (
				91AD9A8A1DC4CA6500D79218 /* Base */,
			);
			name = Home.storyboard;
			path = ../../Main/View;
			sourceTree = "<group>";
		};
		91AD9A8C1DC4CA8500D79218 /* Live.storyboard */ = {
			isa = PBXVariantGroup;
			children = (
				91AD9A8D1DC4CA8500D79218 /* Base */,
			);
			name = Live.storyboard;
			path = ../../Main/View;
			sourceTree = "<group>";
		};
		91AD9A8F1DC4CA9A00D79218 /* Follow.storyboard */ = {
			isa = PBXVariantGroup;
			children = (
				91AD9A901DC4CA9A00D79218 /* Base */,
			);
			name = Follow.storyboard;
			path = ../../Main/View;
			sourceTree = "<group>";
		};
		91AD9A921DC4CAAD00D79218 /* Profile.storyboard */ = {
			isa = PBXVariantGroup;
			children = (
				91AD9A931DC4CAAD00D79218 /* Base */,
			);
			name = Profile.storyboard;
			path = ../../Main/View;
			sourceTree = "<group>";
		};
/* End PBXVariantGroup section */

/* Begin XCBuildConfiguration section */
		91A8E7C71DC4A00C000D6AFF /* Debug */ = {
			isa = XCBuildConfiguration;
			buildSettings = {
				ALWAYS_SEARCH_USER_PATHS = NO;
				CLANG_ANALYZER_NONNULL = YES;
				CLANG_CXX_LANGUAGE_STANDARD = "gnu++0x";
				CLANG_CXX_LIBRARY = "libc++";
				CLANG_ENABLE_MODULES = YES;
				CLANG_ENABLE_OBJC_ARC = YES;
				CLANG_WARN_BOOL_CONVERSION = YES;
				CLANG_WARN_CONSTANT_CONVERSION = YES;
				CLANG_WARN_DIRECT_OBJC_ISA_USAGE = YES_ERROR;
				CLANG_WARN_DOCUMENTATION_COMMENTS = YES;
				CLANG_WARN_EMPTY_BODY = YES;
				CLANG_WARN_ENUM_CONVERSION = YES;
				CLANG_WARN_INFINITE_RECURSION = YES;
				CLANG_WARN_INT_CONVERSION = YES;
				CLANG_WARN_OBJC_ROOT_CLASS = YES_ERROR;
				CLANG_WARN_SUSPICIOUS_MOVES = YES;
				CLANG_WARN_UNREACHABLE_CODE = YES;
				CLANG_WARN__DUPLICATE_METHOD_MATCH = YES;
				"CODE_SIGN_IDENTITY[sdk=iphoneos*]" = "iPhone Developer";
				COPY_PHASE_STRIP = NO;
				DEBUG_INFORMATION_FORMAT = dwarf;
				ENABLE_STRICT_OBJC_MSGSEND = YES;
				ENABLE_TESTABILITY = YES;
				GCC_C_LANGUAGE_STANDARD = gnu99;
				GCC_DYNAMIC_NO_PIC = NO;
				GCC_NO_COMMON_BLOCKS = YES;
				GCC_OPTIMIZATION_LEVEL = 0;
				GCC_PREPROCESSOR_DEFINITIONS = (
					"DEBUG=1",
					"$(inherited)",
				);
				GCC_WARN_64_TO_32_BIT_CONVERSION = YES;
				GCC_WARN_ABOUT_RETURN_TYPE = YES_ERROR;
				GCC_WARN_UNDECLARED_SELECTOR = YES;
				GCC_WARN_UNINITIALIZED_AUTOS = YES_AGGRESSIVE;
				GCC_WARN_UNUSED_FUNCTION = YES;
				GCC_WARN_UNUSED_VARIABLE = YES;
				IPHONEOS_DEPLOYMENT_TARGET = 10.0;
				MTL_ENABLE_DEBUG_INFO = YES;
				ONLY_ACTIVE_ARCH = YES;
				SDKROOT = iphoneos;
				SWIFT_ACTIVE_COMPILATION_CONDITIONS = DEBUG;
				SWIFT_OPTIMIZATION_LEVEL = "-Onone";
				TARGETED_DEVICE_FAMILY = "1,2";
			};
			name = Debug;
		};
		91A8E7C81DC4A00C000D6AFF /* Release */ = {
			isa = XCBuildConfiguration;
			buildSettings = {
				ALWAYS_SEARCH_USER_PATHS = NO;
				CLANG_ANALYZER_NONNULL = YES;
				CLANG_CXX_LANGUAGE_STANDARD = "gnu++0x";
				CLANG_CXX_LIBRARY = "libc++";
				CLANG_ENABLE_MODULES = YES;
				CLANG_ENABLE_OBJC_ARC = YES;
				CLANG_WARN_BOOL_CONVERSION = YES;
				CLANG_WARN_CONSTANT_CONVERSION = YES;
				CLANG_WARN_DIRECT_OBJC_ISA_USAGE = YES_ERROR;
				CLANG_WARN_DOCUMENTATION_COMMENTS = YES;
				CLANG_WARN_EMPTY_BODY = YES;
				CLANG_WARN_ENUM_CONVERSION = YES;
				CLANG_WARN_INFINITE_RECURSION = YES;
				CLANG_WARN_INT_CONVERSION = YES;
				CLANG_WARN_OBJC_ROOT_CLASS = YES_ERROR;
				CLANG_WARN_SUSPICIOUS_MOVES = YES;
				CLANG_WARN_UNREACHABLE_CODE = YES;
				CLANG_WARN__DUPLICATE_METHOD_MATCH = YES;
				"CODE_SIGN_IDENTITY[sdk=iphoneos*]" = "iPhone Developer";
				COPY_PHASE_STRIP = NO;
				DEBUG_INFORMATION_FORMAT = "dwarf-with-dsym";
				ENABLE_NS_ASSERTIONS = NO;
				ENABLE_STRICT_OBJC_MSGSEND = YES;
				GCC_C_LANGUAGE_STANDARD = gnu99;
				GCC_NO_COMMON_BLOCKS = YES;
				GCC_WARN_64_TO_32_BIT_CONVERSION = YES;
				GCC_WARN_ABOUT_RETURN_TYPE = YES_ERROR;
				GCC_WARN_UNDECLARED_SELECTOR = YES;
				GCC_WARN_UNINITIALIZED_AUTOS = YES_AGGRESSIVE;
				GCC_WARN_UNUSED_FUNCTION = YES;
				GCC_WARN_UNUSED_VARIABLE = YES;
				IPHONEOS_DEPLOYMENT_TARGET = 10.0;
				MTL_ENABLE_DEBUG_INFO = NO;
				SDKROOT = iphoneos;
				SWIFT_OPTIMIZATION_LEVEL = "-Owholemodule";
				TARGETED_DEVICE_FAMILY = "1,2";
				VALIDATE_PRODUCT = YES;
			};
			name = Release;
		};
		91A8E7CA1DC4A00C000D6AFF /* Debug */ = {
			isa = XCBuildConfiguration;
			baseConfigurationReference = 9F32C72D6D3BE65E5515DEB4 /* Pods-DouYuZB.debug.xcconfig */;
			buildSettings = {
				ASSETCATALOG_COMPILER_APPICON_NAME = AppIcon;
				ASSETCATALOG_COMPILER_LAUNCHIMAGE_NAME = LaunchImage;
				DEVELOPMENT_TEAM = EJ8NXVWYPA;
				INFOPLIST_FILE = DouYuZB/Info.plist;
				IPHONEOS_DEPLOYMENT_TARGET = 9.0;
				LD_RUNPATH_SEARCH_PATHS = "$(inherited) @executable_path/Frameworks";
				PRODUCT_BUNDLE_IDENTIFIER = cn.itcast.DouYuZB;
				PRODUCT_NAME = "$(TARGET_NAME)";
				SWIFT_VERSION = 3.0;
			};
			name = Debug;
		};
		91A8E7CB1DC4A00C000D6AFF /* Release */ = {
			isa = XCBuildConfiguration;
			baseConfigurationReference = 1FAF96BC839137A6D6FFFCB2 /* Pods-DouYuZB.release.xcconfig */;
			buildSettings = {
				ASSETCATALOG_COMPILER_APPICON_NAME = AppIcon;
				ASSETCATALOG_COMPILER_LAUNCHIMAGE_NAME = LaunchImage;
				DEVELOPMENT_TEAM = EJ8NXVWYPA;
				INFOPLIST_FILE = DouYuZB/Info.plist;
				IPHONEOS_DEPLOYMENT_TARGET = 9.0;
				LD_RUNPATH_SEARCH_PATHS = "$(inherited) @executable_path/Frameworks";
				PRODUCT_BUNDLE_IDENTIFIER = cn.itcast.DouYuZB;
				PRODUCT_NAME = "$(TARGET_NAME)";
				SWIFT_VERSION = 3.0;
			};
			name = Release;
		};
/* End XCBuildConfiguration section */

/* Begin XCConfigurationList section */
		91A8E7B21DC4A007000D6AFF /* Build configuration list for PBXProject "DouYuZB" */ = {
			isa = XCConfigurationList;
			buildConfigurations = (
				91A8E7C71DC4A00C000D6AFF /* Debug */,
				91A8E7C81DC4A00C000D6AFF /* Release */,
			);
			defaultConfigurationIsVisible = 0;
			defaultConfigurationName = Release;
		};
		91A8E7C91DC4A00C000D6AFF /* Build configuration list for PBXNativeTarget "DouYuZB" */ = {
			isa = XCConfigurationList;
			buildConfigurations = (
				91A8E7CA1DC4A00C000D6AFF /* Debug */,
				91A8E7CB1DC4A00C000D6AFF /* Release */,
			);
			defaultConfigurationIsVisible = 0;
			defaultConfigurationName = Release;
		};
/* End XCConfigurationList section */
	};
	rootObject = 91A8E7AF1DC4A007000D6AFF /* Project object */;
}
